// !$*UTF8*$!
{
	archiveVersion = 1;
	classes = {
	};
	objectVersion = 46;
	objects = {

/* Begin PBXBuildFile section */
		4E61B7121BB7A43800ED40BD /* Security.framework in Frameworks */ = {isa = PBXBuildFile; fileRef = 4E61B7111BB7A43800ED40BD /* Security.framework */; };
		4E61B7141BB7A5C200ED40BD /* KeychainItemWrapper.swift in Sources */ = {isa = PBXBuildFile; fileRef = 4E61B7131BB7A5C200ED40BD /* KeychainItemWrapper.swift */; settings = {ASSET_TAGS = (); }; };
		4EDEECBB1BB7E6EA002415B8 /* ViewController.swift in Sources */ = {isa = PBXBuildFile; fileRef = 4EDEECBA1BB7E6EA002415B8 /* ViewController.swift */; settings = {ASSET_TAGS = (); }; };
		6E067597DF1FC2AA90BF56CF /* Pods_MedCheck.framework in Frameworks */ = {isa = PBXBuildFile; fileRef = 72116F4743D877C49A87F084 /* Pods_MedCheck.framework */; settings = {ATTRIBUTES = (Weak, ); }; };
		AE1351A61BB6BE5C00B4ED63 /* AppDelegate.swift in Sources */ = {isa = PBXBuildFile; fileRef = AE1351A51BB6BE5C00B4ED63 /* AppDelegate.swift */; };
		AE1351A81BB6BE5C00B4ED63 /* FirstViewController.swift in Sources */ = {isa = PBXBuildFile; fileRef = AE1351A71BB6BE5C00B4ED63 /* FirstViewController.swift */; };
		AE1351AA1BB6BE5C00B4ED63 /* SecondViewController.swift in Sources */ = {isa = PBXBuildFile; fileRef = AE1351A91BB6BE5C00B4ED63 /* SecondViewController.swift */; };
		AE1351AD1BB6BE5C00B4ED63 /* Main.storyboard in Resources */ = {isa = PBXBuildFile; fileRef = AE1351AB1BB6BE5C00B4ED63 /* Main.storyboard */; };
		AE1351AF1BB6BE5C00B4ED63 /* Assets.xcassets in Resources */ = {isa = PBXBuildFile; fileRef = AE1351AE1BB6BE5C00B4ED63 /* Assets.xcassets */; };
		AE1351B21BB6BE5C00B4ED63 /* LaunchScreen.storyboard in Resources */ = {isa = PBXBuildFile; fileRef = AE1351B01BB6BE5C00B4ED63 /* LaunchScreen.storyboard */; };
		AE1351BA1BB6E59600B4ED63 /* Charts.framework in Frameworks */ = {isa = PBXBuildFile; fileRef = AE1351B91BB6E59600B4ED63 /* Charts.framework */; };
		AE1351BE1BB6E59C00B4ED63 /* SwiftyJSON.framework in Frameworks */ = {isa = PBXBuildFile; fileRef = AE1351BD1BB6E59C00B4ED63 /* SwiftyJSON.framework */; };
		AE1351C01BB7227F00B4ED63 /* HealthDataReader.swift in Sources */ = {isa = PBXBuildFile; fileRef = AE1351BF1BB7227F00B4ED63 /* HealthDataReader.swift */; settings = {ASSET_TAGS = (); }; };
		AE1351C41BB7373800B4ED63 /* SplashPageViewController.swift in Sources */ = {isa = PBXBuildFile; fileRef = AE1351C31BB7373800B4ED63 /* SplashPageViewController.swift */; settings = {ASSET_TAGS = (); }; };
		AE1351C61BB73E3C00B4ED63 /* HealthKit.framework in Frameworks */ = {isa = PBXBuildFile; fileRef = AE1351C51BB73E3C00B4ED63 /* HealthKit.framework */; };
		AE1351C91BB73ED800B4ED63 /* LoadingViewController.swift in Sources */ = {isa = PBXBuildFile; fileRef = AE1351C81BB73ED800B4ED63 /* LoadingViewController.swift */; settings = {ASSET_TAGS = (); }; };
		AE1351CB1BB750B100B4ED63 /* AppRequestor.swift in Sources */ = {isa = PBXBuildFile; fileRef = AE1351CA1BB750B100B4ED63 /* AppRequestor.swift */; settings = {ASSET_TAGS = (); }; };
		AE1351CD1BB7BF1D00B4ED63 /* Alamofire.framework in Frameworks */ = {isa = PBXBuildFile; fileRef = AE1351CC1BB7BF1D00B4ED63 /* Alamofire.framework */; };
/* End PBXBuildFile section */

/* Begin PBXFileReference section */
		4E61B7111BB7A43800ED40BD /* Security.framework */ = {isa = PBXFileReference; lastKnownFileType = wrapper.framework; name = Security.framework; path = System/Library/Frameworks/Security.framework; sourceTree = SDKROOT; };
		4E61B7131BB7A5C200ED40BD /* KeychainItemWrapper.swift */ = {isa = PBXFileReference; fileEncoding = 4; lastKnownFileType = sourcecode.swift; path = KeychainItemWrapper.swift; sourceTree = "<group>"; };
		4EDEECBA1BB7E6EA002415B8 /* ViewController.swift */ = {isa = PBXFileReference; fileEncoding = 4; lastKnownFileType = sourcecode.swift; path = ViewController.swift; sourceTree = "<group>"; };
		72116F4743D877C49A87F084 /* Pods_MedCheck.framework */ = {isa = PBXFileReference; explicitFileType = wrapper.framework; includeInIndex = 0; path = Pods_MedCheck.framework; sourceTree = BUILT_PRODUCTS_DIR; };
		AE1351A21BB6BE5C00B4ED63 /* MedCheck.app */ = {isa = PBXFileReference; explicitFileType = wrapper.application; includeInIndex = 0; path = MedCheck.app; sourceTree = BUILT_PRODUCTS_DIR; };
		AE1351A51BB6BE5C00B4ED63 /* AppDelegate.swift */ = {isa = PBXFileReference; lastKnownFileType = sourcecode.swift; path = AppDelegate.swift; sourceTree = "<group>"; };
		AE1351A71BB6BE5C00B4ED63 /* FirstViewController.swift */ = {isa = PBXFileReference; lastKnownFileType = sourcecode.swift; path = FirstViewController.swift; sourceTree = "<group>"; };
		AE1351A91BB6BE5C00B4ED63 /* SecondViewController.swift */ = {isa = PBXFileReference; lastKnownFileType = sourcecode.swift; path = SecondViewController.swift; sourceTree = "<group>"; };
		AE1351AC1BB6BE5C00B4ED63 /* Base */ = {isa = PBXFileReference; lastKnownFileType = file.storyboard; name = Base; path = Base.lproj/Main.storyboard; sourceTree = "<group>"; };
		AE1351AE1BB6BE5C00B4ED63 /* Assets.xcassets */ = {isa = PBXFileReference; lastKnownFileType = folder.assetcatalog; path = Assets.xcassets; sourceTree = "<group>"; };
		AE1351B11BB6BE5C00B4ED63 /* Base */ = {isa = PBXFileReference; lastKnownFileType = file.storyboard; name = Base; path = Base.lproj/LaunchScreen.storyboard; sourceTree = "<group>"; };
		AE1351B31BB6BE5C00B4ED63 /* Info.plist */ = {isa = PBXFileReference; lastKnownFileType = text.plist.xml; path = Info.plist; sourceTree = "<group>"; };
		AE1351B91BB6E59600B4ED63 /* Charts.framework */ = {isa = PBXFileReference; lastKnownFileType = wrapper.framework; name = Charts.framework; path = "Pods/../build/Debug-iphoneos/Charts.framework"; sourceTree = "<group>"; };
		AE1351BB1BB6E59900B4ED63 /* AFNetworking.framework */ = {isa = PBXFileReference; lastKnownFileType = wrapper.framework; name = AFNetworking.framework; path = "Pods/../build/Debug-iphoneos/AFNetworking.framework"; sourceTree = "<group>"; };
		AE1351BD1BB6E59C00B4ED63 /* SwiftyJSON.framework */ = {isa = PBXFileReference; lastKnownFileType = wrapper.framework; name = SwiftyJSON.framework; path = "Pods/../build/Debug-iphoneos/SwiftyJSON.framework"; sourceTree = "<group>"; };
		AE1351BF1BB7227F00B4ED63 /* HealthDataReader.swift */ = {isa = PBXFileReference; fileEncoding = 4; lastKnownFileType = sourcecode.swift; path = HealthDataReader.swift; sourceTree = "<group>"; };
		AE1351C31BB7373800B4ED63 /* SplashPageViewController.swift */ = {isa = PBXFileReference; fileEncoding = 4; lastKnownFileType = sourcecode.swift; path = SplashPageViewController.swift; sourceTree = "<group>"; };
		AE1351C51BB73E3C00B4ED63 /* HealthKit.framework */ = {isa = PBXFileReference; lastKnownFileType = wrapper.framework; name = HealthKit.framework; path = System/Library/Frameworks/HealthKit.framework; sourceTree = SDKROOT; };
		AE1351C71BB73E3C00B4ED63 /* MedCheck.entitlements */ = {isa = PBXFileReference; lastKnownFileType = text.xml; path = MedCheck.entitlements; sourceTree = "<group>"; };
		AE1351C81BB73ED800B4ED63 /* LoadingViewController.swift */ = {isa = PBXFileReference; fileEncoding = 4; lastKnownFileType = sourcecode.swift; path = LoadingViewController.swift; sourceTree = "<group>"; };
		AE1351CA1BB750B100B4ED63 /* AppRequestor.swift */ = {isa = PBXFileReference; fileEncoding = 4; lastKnownFileType = sourcecode.swift; path = AppRequestor.swift; sourceTree = "<group>"; };
		AE1351CC1BB7BF1D00B4ED63 /* Alamofire.framework */ = {isa = PBXFileReference; lastKnownFileType = wrapper.framework; name = Alamofire.framework; path = "Pods/../build/Debug-iphoneos/Alamofire.framework"; sourceTree = "<group>"; };
		C3DEEB4458A34F076CE2FFAD /* Pods-MedCheck.release.xcconfig */ = {isa = PBXFileReference; includeInIndex = 1; lastKnownFileType = text.xcconfig; name = "Pods-MedCheck.release.xcconfig"; path = "Pods/Target Support Files/Pods-MedCheck/Pods-MedCheck.release.xcconfig"; sourceTree = "<group>"; };
		E0DD2869661C36022D682938 /* Pods-MedCheck.debug.xcconfig */ = {isa = PBXFileReference; includeInIndex = 1; lastKnownFileType = text.xcconfig; name = "Pods-MedCheck.debug.xcconfig"; path = "Pods/Target Support Files/Pods-MedCheck/Pods-MedCheck.debug.xcconfig"; sourceTree = "<group>"; };
/* End PBXFileReference section */

/* Begin PBXFrameworksBuildPhase section */
		AE13519F1BB6BE5C00B4ED63 /* Frameworks */ = {
			isa = PBXFrameworksBuildPhase;
			buildActionMask = 2147483647;
			files = (
				AE1351CD1BB7BF1D00B4ED63 /* Alamofire.framework in Frameworks */,
				4E61B7121BB7A43800ED40BD /* Security.framework in Frameworks */,
				AE1351BE1BB6E59C00B4ED63 /* SwiftyJSON.framework in Frameworks */,
				AE1351BA1BB6E59600B4ED63 /* Charts.framework in Frameworks */,
				6E067597DF1FC2AA90BF56CF /* Pods_MedCheck.framework in Frameworks */,
				AE1351C61BB73E3C00B4ED63 /* HealthKit.framework in Frameworks */,
			);
			runOnlyForDeploymentPostprocessing = 0;
		};
/* End PBXFrameworksBuildPhase section */

/* Begin PBXGroup section */
		044B6A6BC381CA7DCF7806AD /* Pods */ = {
			isa = PBXGroup;
			children = (
				E0DD2869661C36022D682938 /* Pods-MedCheck.debug.xcconfig */,
				C3DEEB4458A34F076CE2FFAD /* Pods-MedCheck.release.xcconfig */,
			);
			name = Pods;
			sourceTree = "<group>";
		};
		A9319CA375171B6B5DA8035E /* Frameworks */ = {
			isa = PBXGroup;
			children = (
				AE1351CC1BB7BF1D00B4ED63 /* Alamofire.framework */,
				4E61B7111BB7A43800ED40BD /* Security.framework */,
				AE1351C51BB73E3C00B4ED63 /* HealthKit.framework */,
				AE1351BD1BB6E59C00B4ED63 /* SwiftyJSON.framework */,
				AE1351BB1BB6E59900B4ED63 /* AFNetworking.framework */,
				AE1351B91BB6E59600B4ED63 /* Charts.framework */,
				72116F4743D877C49A87F084 /* Pods_MedCheck.framework */,
			);
			name = Frameworks;
			sourceTree = "<group>";
		};
		AE1351991BB6BE5C00B4ED63 = {
			isa = PBXGroup;
			children = (
				AE1351A41BB6BE5C00B4ED63 /* MedCheck */,
				AE1351A31BB6BE5C00B4ED63 /* Products */,
				044B6A6BC381CA7DCF7806AD /* Pods */,
				A9319CA375171B6B5DA8035E /* Frameworks */,
			);
			sourceTree = "<group>";
		};
		AE1351A31BB6BE5C00B4ED63 /* Products */ = {
			isa = PBXGroup;
			children = (
				AE1351A21BB6BE5C00B4ED63 /* MedCheck.app */,
			);
			name = Products;
			sourceTree = "<group>";
		};
		AE1351A41BB6BE5C00B4ED63 /* MedCheck */ = {
			isa = PBXGroup;
			children = (
				AE1351C71BB73E3C00B4ED63 /* MedCheck.entitlements */,
				AE1351A51BB6BE5C00B4ED63 /* AppDelegate.swift */,
				AE1351A71BB6BE5C00B4ED63 /* FirstViewController.swift */,
				AE1351A91BB6BE5C00B4ED63 /* SecondViewController.swift */,
				AE1351AB1BB6BE5C00B4ED63 /* Main.storyboard */,
				4EDEECBA1BB7E6EA002415B8 /* ViewController.swift */,
				AE1351AE1BB6BE5C00B4ED63 /* Assets.xcassets */,
				AE1351B01BB6BE5C00B4ED63 /* LaunchScreen.storyboard */,
				AE1351B31BB6BE5C00B4ED63 /* Info.plist */,
				AE1351BF1BB7227F00B4ED63 /* HealthDataReader.swift */,
				AE1351C31BB7373800B4ED63 /* SplashPageViewController.swift */,
				AE1351C81BB73ED800B4ED63 /* LoadingViewController.swift */,
				AE1351CA1BB750B100B4ED63 /* AppRequestor.swift */,
				4E61B7131BB7A5C200ED40BD /* KeychainItemWrapper.swift */,
			);
			path = MedCheck;
			sourceTree = "<group>";
		};
/* End PBXGroup section */

/* Begin PBXNativeTarget section */
		AE1351A11BB6BE5C00B4ED63 /* MedCheck */ = {
			isa = PBXNativeTarget;
			buildConfigurationList = AE1351B61BB6BE5C00B4ED63 /* Build configuration list for PBXNativeTarget "MedCheck" */;
			buildPhases = (
				C24F7B448D8749F44E7F5BB5 /* Check Pods Manifest.lock */,
				AE13519E1BB6BE5C00B4ED63 /* Sources */,
				AE13519F1BB6BE5C00B4ED63 /* Frameworks */,
				AE1351A01BB6BE5C00B4ED63 /* Resources */,
				0EE9FB627413D9E93A388A2E /* Embed Pods Frameworks */,
				C12C49C9C22AA074290B9C9A /* Copy Pods Resources */,
			);
			buildRules = (
			);
			dependencies = (
			);
			name = MedCheck;
			productName = MedCheck;
			productReference = AE1351A21BB6BE5C00B4ED63 /* MedCheck.app */;
			productType = "com.apple.product-type.application";
		};
/* End PBXNativeTarget section */

/* Begin PBXProject section */
		AE13519A1BB6BE5C00B4ED63 /* Project object */ = {
			isa = PBXProject;
			attributes = {
				LastUpgradeCheck = 0700;
				ORGANIZATIONNAME = "Iain Nash";
				TargetAttributes = {
					AE1351A11BB6BE5C00B4ED63 = {
						CreatedOnToolsVersion = 7.0;
						DevelopmentTeam = Q7JF4W9WF8;
						SystemCapabilities = {
							com.apple.HealthKit = {
								enabled = 1;
							};
						};
					};
				};
			};
			buildConfigurationList = AE13519D1BB6BE5C00B4ED63 /* Build configuration list for PBXProject "MedCheck" */;
			compatibilityVersion = "Xcode 3.2";
			developmentRegion = English;
			hasScannedForEncodings = 0;
			knownRegions = (
				en,
				Base,
			);
			mainGroup = AE1351991BB6BE5C00B4ED63;
			productRefGroup = AE1351A31BB6BE5C00B4ED63 /* Products */;
			projectDirPath = "";
			projectRoot = "";
			targets = (
				AE1351A11BB6BE5C00B4ED63 /* MedCheck */,
			);
		};
/* End PBXProject section */

/* Begin PBXResourcesBuildPhase section */
		AE1351A01BB6BE5C00B4ED63 /* Resources */ = {
			isa = PBXResourcesBuildPhase;
			buildActionMask = 2147483647;
			files = (
				AE1351B21BB6BE5C00B4ED63 /* LaunchScreen.storyboard in Resources */,
				AE1351AF1BB6BE5C00B4ED63 /* Assets.xcassets in Resources */,
				AE1351AD1BB6BE5C00B4ED63 /* Main.storyboard in Resources */,
			);
			runOnlyForDeploymentPostprocessing = 0;
		};
/* End PBXResourcesBuildPhase section */

/* Begin PBXShellScriptBuildPhase section */
		0EE9FB627413D9E93A388A2E /* Embed Pods Frameworks */ = {
			isa = PBXShellScriptBuildPhase;
			buildActionMask = 2147483647;
			files = (
			);
			inputPaths = (
			);
			name = "Embed Pods Frameworks";
			outputPaths = (
			);
			runOnlyForDeploymentPostprocessing = 0;
			shellPath = /bin/sh;
			shellScript = "\"${SRCROOT}/Pods/Target Support Files/Pods-MedCheck/Pods-MedCheck-frameworks.sh\"\n";
			showEnvVarsInLog = 0;
		};
		C12C49C9C22AA074290B9C9A /* Copy Pods Resources */ = {
			isa = PBXShellScriptBuildPhase;
			buildActionMask = 2147483647;
			files = (
			);
			inputPaths = (
			);
			name = "Copy Pods Resources";
			outputPaths = (
			);
			runOnlyForDeploymentPostprocessing = 0;
			shellPath = /bin/sh;
			shellScript = "\"${SRCROOT}/Pods/Target Support Files/Pods-MedCheck/Pods-MedCheck-resources.sh\"\n";
			showEnvVarsInLog = 0;
		};
		C24F7B448D8749F44E7F5BB5 /* Check Pods Manifest.lock */ = {
			isa = PBXShellScriptBuildPhase;
			buildActionMask = 2147483647;
			files = (
			);
			inputPaths = (
			);
			name = "Check Pods Manifest.lock";
			outputPaths = (
			);
			runOnlyForDeploymentPostprocessing = 0;
			shellPath = /bin/sh;
			shellScript = "diff \"${PODS_ROOT}/../Podfile.lock\" \"${PODS_ROOT}/Manifest.lock\" > /dev/null\nif [[ $? != 0 ]] ; then\n    cat << EOM\nerror: The sandbox is not in sync with the Podfile.lock. Run 'pod install' or update your CocoaPods installation.\nEOM\n    exit 1\nfi\n";
			showEnvVarsInLog = 0;
		};
/* End PBXShellScriptBuildPhase section */

/* Begin PBXSourcesBuildPhase section */
		AE13519E1BB6BE5C00B4ED63 /* Sources */ = {
			isa = PBXSourcesBuildPhase;
			buildActionMask = 2147483647;
			files = (
				AE1351C01BB7227F00B4ED63 /* HealthDataReader.swift in Sources */,
				AE1351C41BB7373800B4ED63 /* SplashPageViewController.swift in Sources */,
				4E61B7141BB7A5C200ED40BD /* KeychainItemWrapper.swift in Sources */,
				4EDEECBB1BB7E6EA002415B8 /* ViewController.swift in Sources */,
				AE1351AA1BB6BE5C00B4ED63 /* SecondViewController.swift in Sources */,
				AE1351A61BB6BE5C00B4ED63 /* AppDelegate.swift in Sources */,
				AE1351A81BB6BE5C00B4ED63 /* FirstViewController.swift in Sources */,
				AE1351C91BB73ED800B4ED63 /* LoadingViewController.swift in Sources */,
				AE1351CB1BB750B100B4ED63 /* AppRequestor.swift in Sources */,
			);
			runOnlyForDeploymentPostprocessing = 0;
		};
/* End PBXSourcesBuildPhase section */

/* Begin PBXVariantGroup section */
		AE1351AB1BB6BE5C00B4ED63 /* Main.storyboard */ = {
			isa = PBXVariantGroup;
			children = (
				AE1351AC1BB6BE5C00B4ED63 /* Base */,
			);
			name = Main.storyboard;
			sourceTree = "<group>";
		};
		AE1351B01BB6BE5C00B4ED63 /* LaunchScreen.storyboard */ = {
			isa = PBXVariantGroup;
			children = (
				AE1351B11BB6BE5C00B4ED63 /* Base */,
			);
			name = LaunchScreen.storyboard;
			sourceTree = "<group>";
		};
/* End PBXVariantGroup section */

/* Begin XCBuildConfiguration section */
		AE1351B41BB6BE5C00B4ED63 /* Debug */ = {
			isa = XCBuildConfiguration;
			buildSettings = {
				ALWAYS_SEARCH_USER_PATHS = NO;
				CLANG_CXX_LANGUAGE_STANDARD = "gnu++0x";
				CLANG_CXX_LIBRARY = "libc++";
				CLANG_ENABLE_MODULES = YES;
				CLANG_ENABLE_OBJC_ARC = YES;
				CLANG_WARN_BOOL_CONVERSION = YES;
				CLANG_WARN_CONSTANT_CONVERSION = YES;
				CLANG_WARN_DIRECT_OBJC_ISA_USAGE = YES_ERROR;
				CLANG_WARN_EMPTY_BODY = YES;
				CLANG_WARN_ENUM_CONVERSION = YES;
				CLANG_WARN_INT_CONVERSION = YES;
				CLANG_WARN_OBJC_ROOT_CLASS = YES_ERROR;
				CLANG_WARN_UNREACHABLE_CODE = YES;
				CLANG_WARN__DUPLICATE_METHOD_MATCH = YES;
				"CODE_SIGN_IDENTITY[sdk=iphoneos*]" = "iPhone Developer";
				COPY_PHASE_STRIP = NO;
				DEBUG_INFORMATION_FORMAT = dwarf;
				ENABLE_STRICT_OBJC_MSGSEND = YES;
				ENABLE_TESTABILITY = YES;
				GCC_C_LANGUAGE_STANDARD = gnu99;
				GCC_DYNAMIC_NO_PIC = NO;
				GCC_NO_COMMON_BLOCKS = YES;
				GCC_OPTIMIZATION_LEVEL = 0;
				GCC_PREPROCESSOR_DEFINITIONS = (
					"DEBUG=1",
					"$(inherited)",
				);
				GCC_WARN_64_TO_32_BIT_CONVERSION = YES;
				GCC_WARN_ABOUT_RETURN_TYPE = YES_ERROR;
				GCC_WARN_UNDECLARED_SELECTOR = YES;
				GCC_WARN_UNINITIALIZED_AUTOS = YES_AGGRESSIVE;
				GCC_WARN_UNUSED_FUNCTION = YES;
				GCC_WARN_UNUSED_VARIABLE = YES;
				IPHONEOS_DEPLOYMENT_TARGET = 9.0;
				MTL_ENABLE_DEBUG_INFO = YES;
				ONLY_ACTIVE_ARCH = YES;
				SDKROOT = iphoneos;
				SWIFT_OPTIMIZATION_LEVEL = "-Onone";
			};
			name = Debug;
		};
		AE1351B51BB6BE5C00B4ED63 /* Release */ = {
			isa = XCBuildConfiguration;
			buildSettings = {
				ALWAYS_SEARCH_USER_PATHS = NO;
				CLANG_CXX_LANGUAGE_STANDARD = "gnu++0x";
				CLANG_CXX_LIBRARY = "libc++";
				CLANG_ENABLE_MODULES = YES;
				CLANG_ENABLE_OBJC_ARC = YES;
				CLANG_WARN_BOOL_CONVERSION = YES;
				CLANG_WARN_CONSTANT_CONVERSION = YES;
				CLANG_WARN_DIRECT_OBJC_ISA_USAGE = YES_ERROR;
				CLANG_WARN_EMPTY_BODY = YES;
				CLANG_WARN_ENUM_CONVERSION = YES;
				CLANG_WARN_INT_CONVERSION = YES;
				CLANG_WARN_OBJC_ROOT_CLASS = YES_ERROR;
				CLANG_WARN_UNREACHABLE_CODE = YES;
				CLANG_WARN__DUPLICATE_METHOD_MATCH = YES;
				"CODE_SIGN_IDENTITY[sdk=iphoneos*]" = "iPhone Developer";
				COPY_PHASE_STRIP = NO;
				DEBUG_INFORMATION_FORMAT = "dwarf-with-dsym";
				ENABLE_NS_ASSERTIONS = NO;
				ENABLE_STRICT_OBJC_MSGSEND = YES;
				GCC_C_LANGUAGE_STANDARD = gnu99;
				GCC_NO_COMMON_BLOCKS = YES;
				GCC_WARN_64_TO_32_BIT_CONVERSION = YES;
				GCC_WARN_ABOUT_RETURN_TYPE = YES_ERROR;
				GCC_WARN_UNDECLARED_SELECTOR = YES;
				GCC_WARN_UNINITIALIZED_AUTOS = YES_AGGRESSIVE;
				GCC_WARN_UNUSED_FUNCTION = YES;
				GCC_WARN_UNUSED_VARIABLE = YES;
				IPHONEOS_DEPLOYMENT_TARGET = 9.0;
				MTL_ENABLE_DEBUG_INFO = NO;
				SDKROOT = iphoneos;
				VALIDATE_PRODUCT = YES;
			};
			name = Release;
		};
		AE1351B71BB6BE5C00B4ED63 /* Debug */ = {
			isa = XCBuildConfiguration;
			baseConfigurationReference = E0DD2869661C36022D682938 /* Pods-MedCheck.debug.xcconfig */;
			buildSettings = {
				ASSETCATALOG_COMPILER_APPICON_NAME = AppIcon;
				CODE_SIGN_ENTITLEMENTS = MedCheck/MedCheck.entitlements;
				CODE_SIGN_IDENTITY = "iPhone Developer";
				"CODE_SIGN_IDENTITY[sdk=iphoneos*]" = "iPhone Developer";
				FRAMEWORK_SEARCH_PATHS = (
					"$(inherited)",
					"$(PROJECT_DIR)/build/Debug-iphoneos",
				);
				INFOPLIST_FILE = MedCheck/Info.plist;
				IPHONEOS_DEPLOYMENT_TARGET = 9.0;
				LD_RUNPATH_SEARCH_PATHS = "$(inherited) @executable_path/Frameworks";
				PRODUCT_BUNDLE_IDENTIFIER = com.codejoust.MedCheck;
				PRODUCT_NAME = "$(TARGET_NAME)";
				PROVISIONING_PROFILE = "";
				TARGETED_DEVICE_FAMILY = 1;
			};
			name = Debug;
		};
		AE1351B81BB6BE5C00B4ED63 /* Release */ = {
			isa = XCBuildConfiguration;
			baseConfigurationReference = C3DEEB4458A34F076CE2FFAD /* Pods-MedCheck.release.xcconfig */;
			buildSettings = {
				ASSETCATALOG_COMPILER_APPICON_NAME = AppIcon;
				CODE_SIGN_ENTITLEMENTS = MedCheck/MedCheck.entitlements;
				CODE_SIGN_IDENTITY = "iPhone Developer";
				"CODE_SIGN_IDENTITY[sdk=iphoneos*]" = "iPhone Developer";
				FRAMEWORK_SEARCH_PATHS = (
					"$(inherited)",
					"$(PROJECT_DIR)/build/Debug-iphoneos",
				);
				INFOPLIST_FILE = MedCheck/Info.plist;
				IPHONEOS_DEPLOYMENT_TARGET = 9.0;
				LD_RUNPATH_SEARCH_PATHS = "$(inherited) @executable_path/Frameworks";
				PRODUCT_BUNDLE_IDENTIFIER = com.codejoust.MedCheck;
				PRODUCT_NAME = "$(TARGET_NAME)";
				PROVISIONING_PROFILE = "";
				TARGETED_DEVICE_FAMILY = 1;
			};
			name = Release;
		};
/* End XCBuildConfiguration section */

/* Begin XCConfigurationList section */
		AE13519D1BB6BE5C00B4ED63 /* Build configuration list for PBXProject "MedCheck" */ = {
			isa = XCConfigurationList;
			buildConfigurations = (
				AE1351B41BB6BE5C00B4ED63 /* Debug */,
				AE1351B51BB6BE5C00B4ED63 /* Release */,
			);
			defaultConfigurationIsVisible = 0;
			defaultConfigurationName = Release;
		};
		AE1351B61BB6BE5C00B4ED63 /* Build configuration list for PBXNativeTarget "MedCheck" */ = {
			isa = XCConfigurationList;
			buildConfigurations = (
				AE1351B71BB6BE5C00B4ED63 /* Debug */,
				AE1351B81BB6BE5C00B4ED63 /* Release */,
			);
			defaultConfigurationIsVisible = 0;
			defaultConfigurationName = Release;
		};
/* End XCConfigurationList section */
	};
	rootObject = AE13519A1BB6BE5C00B4ED63 /* Project object */;
}
