PODS:
  - Alamofire (2.0.2)
  - Charts (2.1.4)
  - SwiftyJSON (2.3.0)

DEPENDENCIES:
  - Alamofire (~> 2.0)
  - Charts
  - SwiftyJSON

SPEC CHECKSUMS:
  Alamofire: 8edbab00802a752bb5240cc2abe70e7e881488ad
  Charts: 870589b6b4bf8468baacea8869c28983d71f602c
  SwiftyJSON: 8d6b61a70277ef2a5d710d372e06e7e2d87fb9e4

COCOAPODS: 0.38.2
